
Microsoft Visual Studio Solution File, Format Version 12.00
# Visual Studio Version 16
VisualStudioVersion = 16.0.31019.35
MinimumVisualStudioVersion = 10.0.40219.1
Project("{FAE04EC0-301F-11D3-BF4B-00C04F79EFBC}") = "Acompanhamento_Web", "Acompanhamento_Web\Acompanhamento_Web.csproj", "{16EA07EE-DE25-41C6-B794-96A66D5AAF32}"
EndProject
Global
	GlobalSection(SolutionConfigurationPlatforms) = preSolution
		Debug|Any CPU = Debug|Any CPU
		Release|Any CPU = Release|Any CPU
	EndGlobalSection
	GlobalSection(ProjectConfigurationPlatforms) = postSolution
		{16EA07EE-DE25-41C6-B794-96A66D5AAF32}.Debug|Any CPU.ActiveCfg = Debug|Any CPU
		{16EA07EE-DE25-41C6-B794-96A66D5AAF32}.Debug|Any CPU.Build.0 = Debug|Any CPU
		{16EA07EE-DE25-41C6-B794-96A66D5AAF32}.Release|Any CPU.ActiveCfg = Release|Any CPU
		{16EA07EE-DE25-41C6-B794-96A66D5AAF32}.Release|Any CPU.Build.0 = Release|Any CPU
	EndGlobalSection
	GlobalSection(SolutionProperties) = preSolution
		HideSolutionNode = FALSE
	EndGlobalSection
	GlobalSection(ExtensibilityGlobals) = postSolution
		SolutionGuid = {08B7C47E-8390-42E9-86B6-F8BD81D53186}
	EndGlobalSection
EndGlobal
